version = 1
revision = 3
requires-python = ">=3.13,<3.14"
resolution-markers = [
    "python_full_version >= '3.15'",
    "python_full_version < '3.15'",
]

[[package]]
name = "alembic"
version = "1.18.5"
source = { registry = "https://pypi.org/simple" }
dependencies = [
    { name = "mako" },
    { name = "sqlalchemy" },
    { name = "typing-extensions" },
]
sdist = { url = "https://files.pythonhosted.org/packages/1a/cc/ac0bed8e562e7407fe55c3ba85a4dce86e6dbd8730887bd1e406a6c5c18a/alembic-1.18.5.tar.gz", hash = "sha256:1554982221dd17e9a749b53902407578eb305e453f71999e8c7f0a48389fff8e", size = 2060480, upload-time = "2026-06-25T15:20:54.888Z" }
wheels = [
    { url = "https://files.pythonhosted.org/packages/96/78/5fe6dc3a3a5b2f5a2a4faef8bfe336d5fa049a38884ab3172e0098160c01/alembic-1.18.5-py3-none-any.whl", hash = "sha256:06d8ba9d04558022f5395e9317de03d270f3dced49cee01f89fe7a13c26f14bc", size = 264664, upload-time = "2026-06-25T15:20:56.673Z" },